[{<<"cowboy">>,{pkg,<<"cowboy">>,<<"1.0.4">>},0},
 {<<"cowlib">>,{pkg,<<"cowlib">>,<<"1.0.2">>},1},
 {<<"eredis">>,
  {git,"git://github.com/wooga/eredis.git",
       {ref,"cbc013f516e464706493c01662e5e9dd82d1db01"}},
  0},
 {<<"gen_leader">>,
  {git,"https://github.com/garret-smith/gen_leader_revival.git",
       {ref,"d9689e6e80cd8a437bc207d37cb53290ecd64b35"}},
  0},
 {<<"goldrush">>,{pkg,<<"goldrush">>,<<"0.1.7">>},1},
 {<<"gproc">>,
  {git,"https://github.com/uwiger/gproc.git",
       {ref,"85d8dddf2b04690cee051994b40bfa45925f9e36"}},
  0},
 {<<"lager">>,{pkg,<<"lager">>,<<"3.0.2">>},0},
 {<<"meck">>,
  {git,"git://github.com/basho/meck.git",
       {ref,"dde759050eff19a1a80fd854d7375174b191665d"}},
  1},
 {<<"protobuffs">>,
  {git,"git://github.com/basho/erlang_protobuffs.git",
       {ref,"a1eeee77aef639a33cc5a2dd7abed7e4f4b83f9b"}},
  0},
 {<<"ranch">>,{pkg,<<"ranch">>,<<"1.2.1">>},1}].
